
Microsoft Visual Studio Solution File, Format Version 12.00
# Visual Studio Version 16
VisualStudioVersion = 16.0.34301.259
MinimumVisualStudioVersion = 10.0.40219.1
Project("{FAE04EC0-301F-11D3-BF4B-00C04F79EFBC}") = "DnD_calc", "DnD_calc\DnD_calc.csproj", "{8A18F66A-67CB-4201-A693-9E77F875513F}"
EndProject
Global
	GlobalSection(SolutionConfigurationPlatforms) = preSolution
		Debug|Any CPU = Debug|Any CPU
		Release|Any CPU = Release|Any CPU
	EndGlobalSection
	GlobalSection(ProjectConfigurationPlatforms) = postSolution
		{8A18F66A-67CB-4201-A693-9E77F875513F}.Debug|Any CPU.ActiveCfg = Debug|Any CPU
		{8A18F66A-67CB-4201-A693-9E77F875513F}.Debug|Any CPU.Build.0 = Debug|Any CPU
		{8A18F66A-67CB-4201-A693-9E77F875513F}.Release|Any CPU.ActiveCfg = Release|Any CPU
		{8A18F66A-67CB-4201-A693-9E77F875513F}.Release|Any CPU.Build.0 = Release|Any CPU
	EndGlobalSection
	GlobalSection(SolutionProperties) = preSolution
		HideSolutionNode = FALSE
	EndGlobalSection
	GlobalSection(ExtensibilityGlobals) = postSolution
		SolutionGuid = {E08210F5-3C10-4259-B3CA-3C86A2E93162}
	EndGlobalSection
EndGlobal
